
Microsoft Visual Studio Solution File, Format Version 12.00
# Visual Studio Version 16
VisualStudioVersion = 16.0.30320.27
MinimumVisualStudioVersion = 10.0.40219.1
Project("{9A19103F-16F7-4668-BE54-9A1E7A4F7556}") = "SimulationServer", "SimulationServer.csproj", "{807A86C6-1881-4891-9787-232C919384EC}"
EndProject
Global
	GlobalSection(SolutionConfigurationPlatforms) = preSolution
		Debug|x64 = Debug|x64
		Release|x64 = Release|x64
	EndGlobalSection
	GlobalSection(ProjectConfigurationPlatforms) = postSolution
		{807A86C6-1881-4891-9787-232C919384EC}.Debug|x64.ActiveCfg = Debug|x64
		{807A86C6-1881-4891-9787-232C919384EC}.Debug|x64.Build.0 = Debug|x64
		{807A86C6-1881-4891-9787-232C919384EC}.Release|x64.ActiveCfg = Release|x64
		{807A86C6-1881-4891-9787-232C919384EC}.Release|x64.Build.0 = Release|x64
	EndGlobalSection
	GlobalSection(SolutionProperties) = preSolution
		HideSolutionNode = FALSE
	EndGlobalSection
	GlobalSection(ExtensibilityGlobals) = postSolution
		SolutionGuid = {9A83A009-AD3C-421D-BC29-C70E5CD1436E}
	EndGlobalSection
EndGlobal
